
Microsoft Visual Studio Solution File, Format Version 12.00
# Visual Studio 15
Project("{FAE04EC0-301F-11D3-BF4B-00C04F79EFBC}") = "AsteroidsCRIT", "AsteroidsCRIT.csproj", "{9642ADD7-DFE2-B1BB-F496-91CC73DFE46C}"
EndProject
Project("{FAE04EC0-301F-11D3-BF4B-00C04F79EFBC}") = "AsteroidsCRIT.Editor", "AsteroidsCRIT.Editor.csproj", "{1A7178A8-89AB-30FB-664B-C093C7303545}"
EndProject
Global
	GlobalSection(SolutionConfigurationPlatforms) = preSolution
		Debug|Any CPU = Debug|Any CPU
		Release|Any CPU = Release|Any CPU
	EndGlobalSection
	GlobalSection(ProjectConfigurationPlatforms) = postSolution
		{9642ADD7-DFE2-B1BB-F496-91CC73DFE46C}.Debug|Any CPU.ActiveCfg = Debug|Any CPU
		{9642ADD7-DFE2-B1BB-F496-91CC73DFE46C}.Debug|Any CPU.Build.0 = Debug|Any CPU
		{9642ADD7-DFE2-B1BB-F496-91CC73DFE46C}.Release|Any CPU.ActiveCfg = Release|Any CPU
		{9642ADD7-DFE2-B1BB-F496-91CC73DFE46C}.Release|Any CPU.Build.0 = Release|Any CPU
		{1A7178A8-89AB-30FB-664B-C093C7303545}.Debug|Any CPU.ActiveCfg = Debug|Any CPU
		{1A7178A8-89AB-30FB-664B-C093C7303545}.Debug|Any CPU.Build.0 = Debug|Any CPU
		{1A7178A8-89AB-30FB-664B-C093C7303545}.Release|Any CPU.ActiveCfg = Release|Any CPU
		{1A7178A8-89AB-30FB-664B-C093C7303545}.Release|Any CPU.Build.0 = Release|Any CPU
	EndGlobalSection
	GlobalSection(SolutionProperties) = preSolution
		HideSolutionNode = FALSE
	EndGlobalSection
EndGlobal
